
Microsoft Visual Studio Solution File, Format Version 12.00
# Visual Studio Version 17
VisualStudioVersion = 17.0.31903.59
MinimumVisualStudioVersion = 10.0.40219.1
Project("{2150E333-8FDC-42A3-9474-1A3956D46DE8}") = "tests", "tests", "{C2E9BAF9-FB1A-45A8-B40B-F3D7C27E81C6}"
EndProject
Project("{2150E333-8FDC-42A3-9474-1A3956D46DE8}") = "Examination", "Examination", "{D14C74CF-5A29-48D2-8A25-24DDF0899199}"
EndProject
Project("{9A19103F-16F7-4668-BE54-9A1E7A4F7556}") = "Examination.API.IntegrationTests", "tests\Examination\Examination.API.IntegrationTests\Examination.API.IntegrationTests.csproj", "{6FE6F935-022D-40D2-9CB7-9E174127F418}"
EndProject
Project("{9A19103F-16F7-4668-BE54-9A1E7A4F7556}") = "Examination.Application.UnitTests", "tests\Examination\Examination.Application.UnitTests\Examination.Application.UnitTests.csproj", "{4ADE4A0B-59A2-4C33-BD10-E7FE026CF7E2}"
EndProject
Project("{9A19103F-16F7-4668-BE54-9A1E7A4F7556}") = "Examination.Domain.UnitTests", "tests\Examination\Examination.Domain.UnitTests\Examination.Domain.UnitTests.csproj", "{B35187AE-7650-4D8A-84EE-3BC8CEE41ACF}"
EndProject
Project("{9A19103F-16F7-4668-BE54-9A1E7A4F7556}") = "Examination.Infrastructure.IntegrationTests", "tests\Examination\Examination.Infrastructure.IntegrationTests\Examination.Infrastructure.IntegrationTests.csproj", "{8A5183DB-0B63-45A5-B4C0-DCEC84430A35}"
EndProject
Project("{2150E333-8FDC-42A3-9474-1A3956D46DE8}") = "Identity", "Identity", "{8D6808FD-4EAD-43DB-9D09-F0600E4EAFA1}"
EndProject
Project("{9A19103F-16F7-4668-BE54-9A1E7A4F7556}") = "Identity.API.IntegrationTests", "tests\Identity\Identity.API.IntegrationTests\Identity.API.IntegrationTests.csproj", "{A954A44C-51E6-4EB2-98E1-D519F1A824F1}"
EndProject
Project("{2150E333-8FDC-42A3-9474-1A3956D46DE8}") = "src", "src", "{89B5748C-80CD-406E-AF84-0D2203DF8071}"
EndProject
Project("{2150E333-8FDC-42A3-9474-1A3956D46DE8}") = "BuildingBlocks", "BuildingBlocks", "{BA19B57B-95DE-452A-B7BA-C417B1AF77FA}"
EndProject
Project("{9A19103F-16F7-4668-BE54-9A1E7A4F7556}") = "Examination.Dtos", "src\BuildingBlocks\Examination.Dtos\Examination.Dtos.csproj", "{08136BD7-52F8-4591-B1D6-65A92493B8E8}"
EndProject
Project("{2150E333-8FDC-42A3-9474-1A3956D46DE8}") = "Examination", "Examination", "{1E7DBFD9-0929-46A8-B784-808154486511}"
EndProject
Project("{9A19103F-16F7-4668-BE54-9A1E7A4F7556}") = "Examination.API", "src\Examination\Examination.API\Examination.API.csproj", "{91785677-F359-4039-B64D-09B806262313}"
EndProject
Project("{9A19103F-16F7-4668-BE54-9A1E7A4F7556}") = "Examination.Application", "src\Examination\Examination.Application\Examination.Application.csproj", "{6E81C6A3-4073-4578-A4C0-7BB5433883D4}"
EndProject
Project("{9A19103F-16F7-4668-BE54-9A1E7A4F7556}") = "Examination.Domain", "src\Examination\Examination.Domain\Examination.Domain.csproj", "{53838669-2989-43C1-8A9D-36FC7A14D70B}"
EndProject
Project("{9A19103F-16F7-4668-BE54-9A1E7A4F7556}") = "Examination.Infrastructure", "src\Examination\Examination.Infrastructure\Examination.Infrastructure.csproj", "{ACF19962-0AE8-4540-B02E-274A400A3F54}"
EndProject
Project("{2150E333-8FDC-42A3-9474-1A3956D46DE8}") = "Identity", "Identity", "{108869E5-9F77-477C-93B3-A03D877A4014}"
EndProject
Project("{9A19103F-16F7-4668-BE54-9A1E7A4F7556}") = "Identity.Admin", "src\Identity\Identity.Admin\Identity.Admin.csproj", "{9351967A-F435-44EB-92F5-93427627C270}"
EndProject
Project("{9A19103F-16F7-4668-BE54-9A1E7A4F7556}") = "Identity.Admin.BusinessLogic", "src\Identity\Identity.Admin.BusinessLogic\Identity.Admin.BusinessLogic.csproj", "{7F770D6D-9B6D-4C12-B4EA-108C668C006E}"
EndProject
Project("{9A19103F-16F7-4668-BE54-9A1E7A4F7556}") = "Identity.Admin.BusinessLogic.Identity", "src\Identity\Identity.Admin.BusinessLogic.Identity\Identity.Admin.BusinessLogic.Identity.csproj", "{EBD0DFE6-94C3-4B54-9103-E9C9863EB022}"
EndProject
Project("{9A19103F-16F7-4668-BE54-9A1E7A4F7556}") = "Identity.Admin.BusinessLogic.Shared", "src\Identity\Identity.Admin.BusinessLogic.Shared\Identity.Admin.BusinessLogic.Shared.csproj", "{C4668BFB-1438-46F9-A3FA-D6E493653193}"
EndProject
Project("{9A19103F-16F7-4668-BE54-9A1E7A4F7556}") = "Identity.Admin.EntityFramework", "src\Identity\Identity.Admin.EntityFramework\Identity.Admin.EntityFramework.csproj", "{BEEA31D1-34EA-4F48-9A19-9A59127B91AC}"
EndProject
Project("{9A19103F-16F7-4668-BE54-9A1E7A4F7556}") = "Identity.Admin.EntityFramework.Extensions", "src\Identity\Identity.Admin.EntityFramework.Extensions\Identity.Admin.EntityFramework.Extensions.csproj", "{120F5204-CB3A-46A7-858C-AF420557E8F9}"
EndProject
Project("{9A19103F-16F7-4668-BE54-9A1E7A4F7556}") = "Identity.Admin.EntityFramework.Identity", "src\Identity\Identity.Admin.EntityFramework.Identity\Identity.Admin.EntityFramework.Identity.csproj", "{E138C81E-C253-4E6D-B84C-F7C844CC4EC8}"
EndProject
Project("{9A19103F-16F7-4668-BE54-9A1E7A4F7556}") = "Identity.Admin.EntityFramework.Shared", "src\Identity\Identity.Admin.EntityFramework.Shared\Identity.Admin.EntityFramework.Shared.csproj", "{B9326A02-5FF2-464D-87A2-FFEC2C99DD3D}"
EndProject
Project("{9A19103F-16F7-4668-BE54-9A1E7A4F7556}") = "Identity.Admin.EntityFramework.SqlServer", "src\Identity\Identity.Admin.EntityFramework.SqlServer\Identity.Admin.EntityFramework.SqlServer.csproj", "{DFCD2444-72EB-42AF-9330-EFDC67A3E076}"
EndProject
Project("{9A19103F-16F7-4668-BE54-9A1E7A4F7556}") = "Identity.Shared", "src\Identity\Identity.Shared\Identity.Shared.csproj", "{B319E9F8-7AEE-4ED7-9A31-D592FD46C498}"
EndProject
Project("{9A19103F-16F7-4668-BE54-9A1E7A4F7556}") = "Identity.STS.Identity", "src\Identity\Identity.STS.Identity\Identity.STS.Identity.csproj", "{C9C4F316-BD6F-45D9-923B-041C3F1A012F}"
EndProject
Project("{2150E333-8FDC-42A3-9474-1A3956D46DE8}") = "Services", "Services", "{65CAA351-4A03-4EFB-8DD9-E44AF6F230E8}"
EndProject
Project("{2150E333-8FDC-42A3-9474-1A3956D46DE8}") = "WebApps", "WebApps", "{75348568-BA50-440E-9D94-C030C6134FEE}"
EndProject
Project("{9A19103F-16F7-4668-BE54-9A1E7A4F7556}") = "AdminApp", "src\WebApps\AdminApp\AdminApp.csproj", "{36A748CF-2BD7-48B0-A700-166D10783358}"
EndProject
Project("{2150E333-8FDC-42A3-9474-1A3956D46DE8}") = "Solution Items", "Solution Items", "{6535372C-2AE4-43D0-BE7A-922672151F23}"
	ProjectSection(SolutionItems) = preProject
		README.md = README.md
	EndProjectSection
EndProject
Global
	GlobalSection(SolutionConfigurationPlatforms) = preSolution
		Debug|Any CPU = Debug|Any CPU
		Release|Any CPU = Release|Any CPU
	EndGlobalSection
	GlobalSection(ProjectConfigurationPlatforms) = postSolution
		{6FE6F935-022D-40D2-9CB7-9E174127F418}.Debug|Any CPU.ActiveCfg = Debug|Any CPU
		{6FE6F935-022D-40D2-9CB7-9E174127F418}.Debug|Any CPU.Build.0 = Debug|Any CPU
		{6FE6F935-022D-40D2-9CB7-9E174127F418}.Release|Any CPU.ActiveCfg = Release|Any CPU
		{6FE6F935-022D-40D2-9CB7-9E174127F418}.Release|Any CPU.Build.0 = Release|Any CPU
		{4ADE4A0B-59A2-4C33-BD10-E7FE026CF7E2}.Debug|Any CPU.ActiveCfg = Debug|Any CPU
		{4ADE4A0B-59A2-4C33-BD10-E7FE026CF7E2}.Debug|Any CPU.Build.0 = Debug|Any CPU
		{4ADE4A0B-59A2-4C33-BD10-E7FE026CF7E2}.Release|Any CPU.ActiveCfg = Release|Any CPU
		{4ADE4A0B-59A2-4C33-BD10-E7FE026CF7E2}.Release|Any CPU.Build.0 = Release|Any CPU
		{B35187AE-7650-4D8A-84EE-3BC8CEE41ACF}.Debug|Any CPU.ActiveCfg = Debug|Any CPU
		{B35187AE-7650-4D8A-84EE-3BC8CEE41ACF}.Debug|Any CPU.Build.0 = Debug|Any CPU
		{B35187AE-7650-4D8A-84EE-3BC8CEE41ACF}.Release|Any CPU.ActiveCfg = Release|Any CPU
		{B35187AE-7650-4D8A-84EE-3BC8CEE41ACF}.Release|Any CPU.Build.0 = Release|Any CPU
		{8A5183DB-0B63-45A5-B4C0-DCEC84430A35}.Debug|Any CPU.ActiveCfg = Debug|Any CPU
		{8A5183DB-0B63-45A5-B4C0-DCEC84430A35}.Debug|Any CPU.Build.0 = Debug|Any CPU
		{8A5183DB-0B63-45A5-B4C0-DCEC84430A35}.Release|Any CPU.ActiveCfg = Release|Any CPU
		{8A5183DB-0B63-45A5-B4C0-DCEC84430A35}.Release|Any CPU.Build.0 = Release|Any CPU
		{A954A44C-51E6-4EB2-98E1-D519F1A824F1}.Debug|Any CPU.ActiveCfg = Debug|Any CPU
		{A954A44C-51E6-4EB2-98E1-D519F1A824F1}.Debug|Any CPU.Build.0 = Debug|Any CPU
		{A954A44C-51E6-4EB2-98E1-D519F1A824F1}.Release|Any CPU.ActiveCfg = Release|Any CPU
		{A954A44C-51E6-4EB2-98E1-D519F1A824F1}.Release|Any CPU.Build.0 = Release|Any CPU
		{08136BD7-52F8-4591-B1D6-65A92493B8E8}.Debug|Any CPU.ActiveCfg = Debug|Any CPU
		{08136BD7-52F8-4591-B1D6-65A92493B8E8}.Debug|Any CPU.Build.0 = Debug|Any CPU
		{08136BD7-52F8-4591-B1D6-65A92493B8E8}.Release|Any CPU.ActiveCfg = Release|Any CPU
		{08136BD7-52F8-4591-B1D6-65A92493B8E8}.Release|Any CPU.Build.0 = Release|Any CPU
		{91785677-F359-4039-B64D-09B806262313}.Debug|Any CPU.ActiveCfg = Debug|Any CPU
		{91785677-F359-4039-B64D-09B806262313}.Debug|Any CPU.Build.0 = Debug|Any CPU
		{91785677-F359-4039-B64D-09B806262313}.Release|Any CPU.ActiveCfg = Release|Any CPU
		{91785677-F359-4039-B64D-09B806262313}.Release|Any CPU.Build.0 = Release|Any CPU
		{6E81C6A3-4073-4578-A4C0-7BB5433883D4}.Debug|Any CPU.ActiveCfg = Debug|Any CPU
		{6E81C6A3-4073-4578-A4C0-7BB5433883D4}.Debug|Any CPU.Build.0 = Debug|Any CPU
		{6E81C6A3-4073-4578-A4C0-7BB5433883D4}.Release|Any CPU.ActiveCfg = Release|Any CPU
		{6E81C6A3-4073-4578-A4C0-7BB5433883D4}.Release|Any CPU.Build.0 = Release|Any CPU
		{53838669-2989-43C1-8A9D-36FC7A14D70B}.Debug|Any CPU.ActiveCfg = Debug|Any CPU
		{53838669-2989-43C1-8A9D-36FC7A14D70B}.Debug|Any CPU.Build.0 = Debug|Any CPU
		{53838669-2989-43C1-8A9D-36FC7A14D70B}.Release|Any CPU.ActiveCfg = Release|Any CPU
		{53838669-2989-43C1-8A9D-36FC7A14D70B}.Release|Any CPU.Build.0 = Release|Any CPU
		{ACF19962-0AE8-4540-B02E-274A400A3F54}.Debug|Any CPU.ActiveCfg = Debug|Any CPU
		{ACF19962-0AE8-4540-B02E-274A400A3F54}.Debug|Any CPU.Build.0 = Debug|Any CPU
		{ACF19962-0AE8-4540-B02E-274A400A3F54}.Release|Any CPU.ActiveCfg = Release|Any CPU
		{ACF19962-0AE8-4540-B02E-274A400A3F54}.Release|Any CPU.Build.0 = Release|Any CPU
		{9351967A-F435-44EB-92F5-93427627C270}.Debug|Any CPU.ActiveCfg = Debug|Any CPU
		{9351967A-F435-44EB-92F5-93427627C270}.Debug|Any CPU.Build.0 = Debug|Any CPU
		{9351967A-F435-44EB-92F5-93427627C270}.Release|Any CPU.ActiveCfg = Release|Any CPU
		{9351967A-F435-44EB-92F5-93427627C270}.Release|Any CPU.Build.0 = Release|Any CPU
		{7F770D6D-9B6D-4C12-B4EA-108C668C006E}.Debug|Any CPU.ActiveCfg = Debug|Any CPU
		{7F770D6D-9B6D-4C12-B4EA-108C668C006E}.Debug|Any CPU.Build.0 = Debug|Any CPU
		{7F770D6D-9B6D-4C12-B4EA-108C668C006E}.Release|Any CPU.ActiveCfg = Release|Any CPU
		{7F770D6D-9B6D-4C12-B4EA-108C668C006E}.Release|Any CPU.Build.0 = Release|Any CPU
		{EBD0DFE6-94C3-4B54-9103-E9C9863EB022}.Debug|Any CPU.ActiveCfg = Debug|Any CPU
		{EBD0DFE6-94C3-4B54-9103-E9C9863EB022}.Debug|Any CPU.Build.0 = Debug|Any CPU
		{EBD0DFE6-94C3-4B54-9103-E9C9863EB022}.Release|Any CPU.ActiveCfg = Release|Any CPU
		{EBD0DFE6-94C3-4B54-9103-E9C9863EB022}.Release|Any CPU.Build.0 = Release|Any CPU
		{C4668BFB-1438-46F9-A3FA-D6E493653193}.Debug|Any CPU.ActiveCfg = Debug|Any CPU
		{C4668BFB-1438-46F9-A3FA-D6E493653193}.Debug|Any CPU.Build.0 = Debug|Any CPU
		{C4668BFB-1438-46F9-A3FA-D6E493653193}.Release|Any CPU.ActiveCfg = Release|Any CPU
		{C4668BFB-1438-46F9-A3FA-D6E493653193}.Release|Any CPU.Build.0 = Release|Any CPU
		{BEEA31D1-34EA-4F48-9A19-9A59127B91AC}.Debug|Any CPU.ActiveCfg = Debug|Any CPU
		{BEEA31D1-34EA-4F48-9A19-9A59127B91AC}.Debug|Any CPU.Build.0 = Debug|Any CPU
		{BEEA31D1-34EA-4F48-9A19-9A59127B91AC}.Release|Any CPU.ActiveCfg = Release|Any CPU
		{BEEA31D1-34EA-4F48-9A19-9A59127B91AC}.Release|Any CPU.Build.0 = Release|Any CPU
		{120F5204-CB3A-46A7-858C-AF420557E8F9}.Debug|Any CPU.ActiveCfg = Debug|Any CPU
		{120F5204-CB3A-46A7-858C-AF420557E8F9}.Debug|Any CPU.Build.0 = Debug|Any CPU
		{120F5204-CB3A-46A7-858C-AF420557E8F9}.Release|Any CPU.ActiveCfg = Release|Any CPU
		{120F5204-CB3A-46A7-858C-AF420557E8F9}.Release|Any CPU.Build.0 = Release|Any CPU
		{E138C81E-C253-4E6D-B84C-F7C844CC4EC8}.Debug|Any CPU.ActiveCfg = Debug|Any CPU
		{E138C81E-C253-4E6D-B84C-F7C844CC4EC8}.Debug|Any CPU.Build.0 = Debug|Any CPU
		{E138C81E-C253-4E6D-B84C-F7C844CC4EC8}.Release|Any CPU.ActiveCfg = Release|Any CPU
		{E138C81E-C253-4E6D-B84C-F7C844CC4EC8}.Release|Any CPU.Build.0 = Release|Any CPU
		{B9326A02-5FF2-464D-87A2-FFEC2C99DD3D}.Debug|Any CPU.ActiveCfg = Debug|Any CPU
		{B9326A02-5FF2-464D-87A2-FFEC2C99DD3D}.Debug|Any CPU.Build.0 = Debug|Any CPU
		{B9326A02-5FF2-464D-87A2-FFEC2C99DD3D}.Release|Any CPU.ActiveCfg = Release|Any CPU
		{B9326A02-5FF2-464D-87A2-FFEC2C99DD3D}.Release|Any CPU.Build.0 = Release|Any CPU
		{DFCD2444-72EB-42AF-9330-EFDC67A3E076}.Debug|Any CPU.ActiveCfg = Debug|Any CPU
		{DFCD2444-72EB-42AF-9330-EFDC67A3E076}.Debug|Any CPU.Build.0 = Debug|Any CPU
		{DFCD2444-72EB-42AF-9330-EFDC67A3E076}.Release|Any CPU.ActiveCfg = Release|Any CPU
		{DFCD2444-72EB-42AF-9330-EFDC67A3E076}.Release|Any CPU.Build.0 = Release|Any CPU
		{B319E9F8-7AEE-4ED7-9A31-D592FD46C498}.Debug|Any CPU.ActiveCfg = Debug|Any CPU
		{B319E9F8-7AEE-4ED7-9A31-D592FD46C498}.Debug|Any CPU.Build.0 = Debug|Any CPU
		{B319E9F8-7AEE-4ED7-9A31-D592FD46C498}.Release|Any CPU.ActiveCfg = Release|Any CPU
		{B319E9F8-7AEE-4ED7-9A31-D592FD46C498}.Release|Any CPU.Build.0 = Release|Any CPU
		{C9C4F316-BD6F-45D9-923B-041C3F1A012F}.Debug|Any CPU.ActiveCfg = Debug|Any CPU
		{C9C4F316-BD6F-45D9-923B-041C3F1A012F}.Debug|Any CPU.Build.0 = Debug|Any CPU
		{C9C4F316-BD6F-45D9-923B-041C3F1A012F}.Release|Any CPU.ActiveCfg = Release|Any CPU
		{C9C4F316-BD6F-45D9-923B-041C3F1A012F}.Release|Any CPU.Build.0 = Release|Any CPU
		{36A748CF-2BD7-48B0-A700-166D10783358}.Debug|Any CPU.ActiveCfg = Debug|Any CPU
		{36A748CF-2BD7-48B0-A700-166D10783358}.Debug|Any CPU.Build.0 = Debug|Any CPU
		{36A748CF-2BD7-48B0-A700-166D10783358}.Release|Any CPU.ActiveCfg = Release|Any CPU
		{36A748CF-2BD7-48B0-A700-166D10783358}.Release|Any CPU.Build.0 = Release|Any CPU
	EndGlobalSection
	GlobalSection(SolutionProperties) = preSolution
		HideSolutionNode = FALSE
	EndGlobalSection
	GlobalSection(NestedProjects) = preSolution
		{D14C74CF-5A29-48D2-8A25-24DDF0899199} = {C2E9BAF9-FB1A-45A8-B40B-F3D7C27E81C6}
		{6FE6F935-022D-40D2-9CB7-9E174127F418} = {D14C74CF-5A29-48D2-8A25-24DDF0899199}
		{4ADE4A0B-59A2-4C33-BD10-E7FE026CF7E2} = {D14C74CF-5A29-48D2-8A25-24DDF0899199}
		{B35187AE-7650-4D8A-84EE-3BC8CEE41ACF} = {D14C74CF-5A29-48D2-8A25-24DDF0899199}
		{8A5183DB-0B63-45A5-B4C0-DCEC84430A35} = {D14C74CF-5A29-48D2-8A25-24DDF0899199}
		{8D6808FD-4EAD-43DB-9D09-F0600E4EAFA1} = {C2E9BAF9-FB1A-45A8-B40B-F3D7C27E81C6}
		{A954A44C-51E6-4EB2-98E1-D519F1A824F1} = {8D6808FD-4EAD-43DB-9D09-F0600E4EAFA1}
		{BA19B57B-95DE-452A-B7BA-C417B1AF77FA} = {89B5748C-80CD-406E-AF84-0D2203DF8071}
		{08136BD7-52F8-4591-B1D6-65A92493B8E8} = {BA19B57B-95DE-452A-B7BA-C417B1AF77FA}
		{1E7DBFD9-0929-46A8-B784-808154486511} = {65CAA351-4A03-4EFB-8DD9-E44AF6F230E8}
		{91785677-F359-4039-B64D-09B806262313} = {1E7DBFD9-0929-46A8-B784-808154486511}
		{6E81C6A3-4073-4578-A4C0-7BB5433883D4} = {1E7DBFD9-0929-46A8-B784-808154486511}
		{53838669-2989-43C1-8A9D-36FC7A14D70B} = {1E7DBFD9-0929-46A8-B784-808154486511}
		{ACF19962-0AE8-4540-B02E-274A400A3F54} = {1E7DBFD9-0929-46A8-B784-808154486511}
		{108869E5-9F77-477C-93B3-A03D877A4014} = {65CAA351-4A03-4EFB-8DD9-E44AF6F230E8}
		{9351967A-F435-44EB-92F5-93427627C270} = {108869E5-9F77-477C-93B3-A03D877A4014}
		{7F770D6D-9B6D-4C12-B4EA-108C668C006E} = {108869E5-9F77-477C-93B3-A03D877A4014}
		{EBD0DFE6-94C3-4B54-9103-E9C9863EB022} = {108869E5-9F77-477C-93B3-A03D877A4014}
		{C4668BFB-1438-46F9-A3FA-D6E493653193} = {108869E5-9F77-477C-93B3-A03D877A4014}
		{BEEA31D1-34EA-4F48-9A19-9A59127B91AC} = {108869E5-9F77-477C-93B3-A03D877A4014}
		{120F5204-CB3A-46A7-858C-AF420557E8F9} = {108869E5-9F77-477C-93B3-A03D877A4014}
		{E138C81E-C253-4E6D-B84C-F7C844CC4EC8} = {108869E5-9F77-477C-93B3-A03D877A4014}
		{B9326A02-5FF2-464D-87A2-FFEC2C99DD3D} = {108869E5-9F77-477C-93B3-A03D877A4014}
		{DFCD2444-72EB-42AF-9330-EFDC67A3E076} = {108869E5-9F77-477C-93B3-A03D877A4014}
		{B319E9F8-7AEE-4ED7-9A31-D592FD46C498} = {108869E5-9F77-477C-93B3-A03D877A4014}
		{C9C4F316-BD6F-45D9-923B-041C3F1A012F} = {108869E5-9F77-477C-93B3-A03D877A4014}
		{65CAA351-4A03-4EFB-8DD9-E44AF6F230E8} = {89B5748C-80CD-406E-AF84-0D2203DF8071}
		{75348568-BA50-440E-9D94-C030C6134FEE} = {89B5748C-80CD-406E-AF84-0D2203DF8071}
		{36A748CF-2BD7-48B0-A700-166D10783358} = {75348568-BA50-440E-9D94-C030C6134FEE}
	EndGlobalSection
EndGlobal
