
Microsoft Visual Studio Solution File, Format Version 12.00
# Visual Studio Version 17
VisualStudioVersion = 17.0.31903.59
MinimumVisualStudioVersion = 10.0.40219.1
Project("{2150E333-8FDC-42A3-9474-1A3956D46DE8}") = "src", "src", "{FCD44E83-1E8A-4D44-9CCA-118F0A742CFA}"
EndProject
Project("{FAE04EC0-301F-11D3-BF4B-00C04F79EFBC}") = "Identity", "src\Identity\Identity.API\Identity.API.csproj", "{C03A0334-D397-433F-AF4A-6431CEE4E628}"
EndProject
Project("{2150E333-8FDC-42A3-9474-1A3956D46DE8}") = "Examination", "Examination", "{334DA973-D632-44D6-A606-32C4E8B54911}"
EndProject
Project("{FAE04EC0-301F-11D3-BF4B-00C04F79EFBC}") = "Examination.API", "src\Examination\Examination.API\Examination.API.csproj", "{15ECA334-5E1B-4FDC-86E5-70A467790680}"
EndProject
Project("{FAE04EC0-301F-11D3-BF4B-00C04F79EFBC}") = "Examination.Application", "src\Examination\Examination.Application\Examination.Application.csproj", "{F86EE4FD-F91D-4CA1-8FC3-212A3F63027A}"
EndProject
Project("{FAE04EC0-301F-11D3-BF4B-00C04F79EFBC}") = "Examination.Domain", "src\Examination\Examination.Domain\Examination.Domain.csproj", "{59E6FEDF-EE05-4B32-8FC5-E50D9A009953}"
EndProject
Project("{FAE04EC0-301F-11D3-BF4B-00C04F79EFBC}") = "Examination.Infrastructure", "src\Examination\Examination.Infrastructure\Examination.Infrastructure.csproj", "{8E1CB486-8E94-4AD2-828D-153C18BDE698}"
EndProject
Project("{2150E333-8FDC-42A3-9474-1A3956D46DE8}") = "tests", "tests", "{C2E9BAF9-FB1A-45A8-B40B-F3D7C27E81C6}"
EndProject
Project("{2150E333-8FDC-42A3-9474-1A3956D46DE8}") = "Identity.API", "Identity.API", "{40D8447D-64D7-4F68-988C-1BD1901FDB93}"
EndProject
Project("{FAE04EC0-301F-11D3-BF4B-00C04F79EFBC}") = "Identity.API.IntegrationTests", "tests\Identity\Identity.API.IntegrationTests\Identity.API.IntegrationTests.csproj", "{22014ECE-E15F-4BED-813A-4958EAAA8FD6}"
EndProject
Project("{2150E333-8FDC-42A3-9474-1A3956D46DE8}") = "Examination", "Examination", "{D14C74CF-5A29-48D2-8A25-24DDF0899199}"
EndProject
Project("{FAE04EC0-301F-11D3-BF4B-00C04F79EFBC}") = "Examination.Infrastructure.IntegrationTests", "tests\Examination\Examination.Infrastructure.IntegrationTests\Examination.Infrastructure.IntegrationTests.csproj", "{5009A4F7-3691-4D73-839F-C1DC2169D20F}"
EndProject
Project("{FAE04EC0-301F-11D3-BF4B-00C04F79EFBC}") = "Examination.Application.UnitTests", "tests\Examination\Examination.Application.UnitTests\Examination.Application.UnitTests.csproj", "{4D3935F6-E5FC-40F4-B29B-179C1C5CADF8}"
EndProject
Project("{FAE04EC0-301F-11D3-BF4B-00C04F79EFBC}") = "Examination.Domain.UnitTests", "tests\Examination\Examination.Domain.UnitTests\Examination.Domain.UnitTests.csproj", "{5FC7BBF6-4DAC-4D36-AE53-AE12FAC71B96}"
EndProject
Project("{FAE04EC0-301F-11D3-BF4B-00C04F79EFBC}") = "Examination.API.IntegrationTests", "tests\Examination\Examination.API.IntegrationTests\Examination.API.IntegrationTests.csproj", "{A9D3F418-F2CC-4AC5-AF3A-1747B4C049A6}"
EndProject
Project("{2150E333-8FDC-42A3-9474-1A3956D46DE8}") = "BuildingBlocks", "BuildingBlocks", "{B73CA8A0-5B23-4B00-8AEB-71E1D8981EB1}"
EndProject
Project("{FAE04EC0-301F-11D3-BF4B-00C04F79EFBC}") = "Examination.Dtos", "src\BuildingBlocks\Examination.Dtos\Examination.Dtos.csproj", "{14388F2C-DE20-4ADF-B1F8-90034E02E13C}"
EndProject
Global
	GlobalSection(SolutionConfigurationPlatforms) = preSolution
		Debug|Any CPU = Debug|Any CPU
		Release|Any CPU = Release|Any CPU
	EndGlobalSection
	GlobalSection(SolutionProperties) = preSolution
		HideSolutionNode = FALSE
	EndGlobalSection
	GlobalSection(ProjectConfigurationPlatforms) = postSolution
		{C03A0334-D397-433F-AF4A-6431CEE4E628}.Debug|Any CPU.ActiveCfg = Debug|Any CPU
		{C03A0334-D397-433F-AF4A-6431CEE4E628}.Debug|Any CPU.Build.0 = Debug|Any CPU
		{C03A0334-D397-433F-AF4A-6431CEE4E628}.Release|Any CPU.ActiveCfg = Release|Any CPU
		{C03A0334-D397-433F-AF4A-6431CEE4E628}.Release|Any CPU.Build.0 = Release|Any CPU
		{15ECA334-5E1B-4FDC-86E5-70A467790680}.Debug|Any CPU.ActiveCfg = Debug|Any CPU
		{15ECA334-5E1B-4FDC-86E5-70A467790680}.Debug|Any CPU.Build.0 = Debug|Any CPU
		{15ECA334-5E1B-4FDC-86E5-70A467790680}.Release|Any CPU.ActiveCfg = Release|Any CPU
		{15ECA334-5E1B-4FDC-86E5-70A467790680}.Release|Any CPU.Build.0 = Release|Any CPU
		{F86EE4FD-F91D-4CA1-8FC3-212A3F63027A}.Debug|Any CPU.ActiveCfg = Debug|Any CPU
		{F86EE4FD-F91D-4CA1-8FC3-212A3F63027A}.Debug|Any CPU.Build.0 = Debug|Any CPU
		{F86EE4FD-F91D-4CA1-8FC3-212A3F63027A}.Release|Any CPU.ActiveCfg = Release|Any CPU
		{F86EE4FD-F91D-4CA1-8FC3-212A3F63027A}.Release|Any CPU.Build.0 = Release|Any CPU
		{59E6FEDF-EE05-4B32-8FC5-E50D9A009953}.Debug|Any CPU.ActiveCfg = Debug|Any CPU
		{59E6FEDF-EE05-4B32-8FC5-E50D9A009953}.Debug|Any CPU.Build.0 = Debug|Any CPU
		{59E6FEDF-EE05-4B32-8FC5-E50D9A009953}.Release|Any CPU.ActiveCfg = Release|Any CPU
		{59E6FEDF-EE05-4B32-8FC5-E50D9A009953}.Release|Any CPU.Build.0 = Release|Any CPU
		{8E1CB486-8E94-4AD2-828D-153C18BDE698}.Debug|Any CPU.ActiveCfg = Debug|Any CPU
		{8E1CB486-8E94-4AD2-828D-153C18BDE698}.Debug|Any CPU.Build.0 = Debug|Any CPU
		{8E1CB486-8E94-4AD2-828D-153C18BDE698}.Release|Any CPU.ActiveCfg = Release|Any CPU
		{8E1CB486-8E94-4AD2-828D-153C18BDE698}.Release|Any CPU.Build.0 = Release|Any CPU
		{22014ECE-E15F-4BED-813A-4958EAAA8FD6}.Debug|Any CPU.ActiveCfg = Debug|Any CPU
		{22014ECE-E15F-4BED-813A-4958EAAA8FD6}.Debug|Any CPU.Build.0 = Debug|Any CPU
		{22014ECE-E15F-4BED-813A-4958EAAA8FD6}.Release|Any CPU.ActiveCfg = Release|Any CPU
		{22014ECE-E15F-4BED-813A-4958EAAA8FD6}.Release|Any CPU.Build.0 = Release|Any CPU
		{5009A4F7-3691-4D73-839F-C1DC2169D20F}.Debug|Any CPU.ActiveCfg = Debug|Any CPU
		{5009A4F7-3691-4D73-839F-C1DC2169D20F}.Debug|Any CPU.Build.0 = Debug|Any CPU
		{5009A4F7-3691-4D73-839F-C1DC2169D20F}.Release|Any CPU.ActiveCfg = Release|Any CPU
		{5009A4F7-3691-4D73-839F-C1DC2169D20F}.Release|Any CPU.Build.0 = Release|Any CPU
		{4D3935F6-E5FC-40F4-B29B-179C1C5CADF8}.Debug|Any CPU.ActiveCfg = Debug|Any CPU
		{4D3935F6-E5FC-40F4-B29B-179C1C5CADF8}.Debug|Any CPU.Build.0 = Debug|Any CPU
		{4D3935F6-E5FC-40F4-B29B-179C1C5CADF8}.Release|Any CPU.ActiveCfg = Release|Any CPU
		{4D3935F6-E5FC-40F4-B29B-179C1C5CADF8}.Release|Any CPU.Build.0 = Release|Any CPU
		{5FC7BBF6-4DAC-4D36-AE53-AE12FAC71B96}.Debug|Any CPU.ActiveCfg = Debug|Any CPU
		{5FC7BBF6-4DAC-4D36-AE53-AE12FAC71B96}.Debug|Any CPU.Build.0 = Debug|Any CPU
		{5FC7BBF6-4DAC-4D36-AE53-AE12FAC71B96}.Release|Any CPU.ActiveCfg = Release|Any CPU
		{5FC7BBF6-4DAC-4D36-AE53-AE12FAC71B96}.Release|Any CPU.Build.0 = Release|Any CPU
		{A9D3F418-F2CC-4AC5-AF3A-1747B4C049A6}.Debug|Any CPU.ActiveCfg = Debug|Any CPU
		{A9D3F418-F2CC-4AC5-AF3A-1747B4C049A6}.Debug|Any CPU.Build.0 = Debug|Any CPU
		{A9D3F418-F2CC-4AC5-AF3A-1747B4C049A6}.Release|Any CPU.ActiveCfg = Release|Any CPU
		{A9D3F418-F2CC-4AC5-AF3A-1747B4C049A6}.Release|Any CPU.Build.0 = Release|Any CPU
		{14388F2C-DE20-4ADF-B1F8-90034E02E13C}.Debug|Any CPU.ActiveCfg = Debug|Any CPU
		{14388F2C-DE20-4ADF-B1F8-90034E02E13C}.Debug|Any CPU.Build.0 = Debug|Any CPU
		{14388F2C-DE20-4ADF-B1F8-90034E02E13C}.Release|Any CPU.ActiveCfg = Release|Any CPU
		{14388F2C-DE20-4ADF-B1F8-90034E02E13C}.Release|Any CPU.Build.0 = Release|Any CPU
	EndGlobalSection
	GlobalSection(NestedProjects) = preSolution
		{C03A0334-D397-433F-AF4A-6431CEE4E628} = {FCD44E83-1E8A-4D44-9CCA-118F0A742CFA}
		{334DA973-D632-44D6-A606-32C4E8B54911} = {FCD44E83-1E8A-4D44-9CCA-118F0A742CFA}
		{15ECA334-5E1B-4FDC-86E5-70A467790680} = {334DA973-D632-44D6-A606-32C4E8B54911}
		{F86EE4FD-F91D-4CA1-8FC3-212A3F63027A} = {334DA973-D632-44D6-A606-32C4E8B54911}
		{59E6FEDF-EE05-4B32-8FC5-E50D9A009953} = {334DA973-D632-44D6-A606-32C4E8B54911}
		{8E1CB486-8E94-4AD2-828D-153C18BDE698} = {334DA973-D632-44D6-A606-32C4E8B54911}
		{40D8447D-64D7-4F68-988C-1BD1901FDB93} = {C2E9BAF9-FB1A-45A8-B40B-F3D7C27E81C6}
		{22014ECE-E15F-4BED-813A-4958EAAA8FD6} = {40D8447D-64D7-4F68-988C-1BD1901FDB93}
		{D14C74CF-5A29-48D2-8A25-24DDF0899199} = {C2E9BAF9-FB1A-45A8-B40B-F3D7C27E81C6}
		{5009A4F7-3691-4D73-839F-C1DC2169D20F} = {D14C74CF-5A29-48D2-8A25-24DDF0899199}
		{4D3935F6-E5FC-40F4-B29B-179C1C5CADF8} = {D14C74CF-5A29-48D2-8A25-24DDF0899199}
		{5FC7BBF6-4DAC-4D36-AE53-AE12FAC71B96} = {D14C74CF-5A29-48D2-8A25-24DDF0899199}
		{A9D3F418-F2CC-4AC5-AF3A-1747B4C049A6} = {D14C74CF-5A29-48D2-8A25-24DDF0899199}
		{B73CA8A0-5B23-4B00-8AEB-71E1D8981EB1} = {FCD44E83-1E8A-4D44-9CCA-118F0A742CFA}
		{14388F2C-DE20-4ADF-B1F8-90034E02E13C} = {B73CA8A0-5B23-4B00-8AEB-71E1D8981EB1}
	EndGlobalSection
EndGlobal
